
Microsoft Visual Studio Solution File, Format Version 12.00
# Visual Studio Version 17
VisualStudioVersion = 17.6.33829.357
MinimumVisualStudioVersion = 10.0.40219.1
Project("{FAE04EC0-301F-11D3-BF4B-00C04F79EFBC}") = "Fiap.Web.Aula01", "Fiap.Web.Aula01\Fiap.Web.Aula01.csproj", "{623C5D03-C46A-451D-9D3B-3621247E6378}"
EndProject
Global
	GlobalSection(SolutionConfigurationPlatforms) = preSolution
		Debug|Any CPU = Debug|Any CPU
		Release|Any CPU = Release|Any CPU
	EndGlobalSection
	GlobalSection(ProjectConfigurationPlatforms) = postSolution
		{623C5D03-C46A-451D-9D3B-3621247E6378}.Debug|Any CPU.ActiveCfg = Debug|Any CPU
		{623C5D03-C46A-451D-9D3B-3621247E6378}.Debug|Any CPU.Build.0 = Debug|Any CPU
		{623C5D03-C46A-451D-9D3B-3621247E6378}.Release|Any CPU.ActiveCfg = Release|Any CPU
		{623C5D03-C46A-451D-9D3B-3621247E6378}.Release|Any CPU.Build.0 = Release|Any CPU
	EndGlobalSection
	GlobalSection(SolutionProperties) = preSolution
		HideSolutionNode = FALSE
	EndGlobalSection
	GlobalSection(ExtensibilityGlobals) = postSolution
		SolutionGuid = {C7476B6B-986B-4C78-B464-7C12E33005FE}
	EndGlobalSection
EndGlobal
